# This file is automatically @generated by Wally.
# It is not intended for manual editing.
registry = "test"

[[package]]
name = "csqrl/colour-utils"
version = "1.3.1"
dependencies = []

[[package]]
name = "elttob/fusion"
version = "0.2.0"
dependencies = []

[[package]]
name = "evaera/promise"
version = "3.2.1"
dependencies = []

[[package]]
name = "evaera/promise"
version = "4.0.0"
dependencies = []

[[package]]
name = "ewanophobia/iron"
version = "1.0.0"
dependencies = [["ColourUtils", "csqrl/colour-utils@1.3.1"], ["Comm", "sleitnick/comm@0.1.2"], ["Component", "sleitnick/component@2.4.6"], ["Fusion", "elttob/fusion@0.2.0"], ["Janitor", "howmanysmall/janitor@1.14.1"], ["Knit", "sleitnick/knit@1.6.0"], ["Koute", "koterahq/koute@1.1.0"], ["PID", "sleitnick/pid@1.0.2"], ["Promise", "evaera/promise@3.2.1"], ["Signal", "sleitnick/signal@1.2.1"], ["TableUtil", "sleitnick/table-util@1.1.5"]]

[[package]]
name = "howmanysmall/janitor"
version = "1.14.1"
dependencies = []

[[package]]
name = "koterahq/koute"
version = "1.1.0"
dependencies = [["Fusion", "elttob/fusion@0.2.0"]]

[[package]]
name = "roblox/testez"
version = "0.4.1"
dependencies = []

[[package]]
name = "sleitnick/comm"
version = "0.1.2"
dependencies = [["Option", "sleitnick/option@1.0.4"], ["Promise", "evaera/promise@3.2.1"], ["Signal", "sleitnick/signal@1.2.1"]]

[[package]]
name = "sleitnick/comm"
version = "1.0.1"
dependencies = [["Option", "sleitnick/option@1.0.4"], ["Promise", "evaera/promise@4.0.0"], ["Signal", "sleitnick/signal@2.0.1"]]

[[package]]
name = "sleitnick/component"
version = "2.4.6"
dependencies = [["Promise", "evaera/promise@4.0.0"], ["Signal", "sleitnick/signal@1.2.1"], ["Symbol", "sleitnick/symbol@2.0.1"], ["Trove", "sleitnick/trove@0.4.2"]]

[[package]]
name = "sleitnick/knit"
version = "1.6.0"
dependencies = [["Comm", "sleitnick/comm@1.0.1"], ["Promise", "evaera/promise@4.0.0"]]

[[package]]
name = "sleitnick/option"
version = "1.0.4"
dependencies = []

[[package]]
name = "sleitnick/pid"
version = "1.0.2"
dependencies = []

[[package]]
name = "sleitnick/signal"
version = "1.2.1"
dependencies = []

[[package]]
name = "sleitnick/signal"
version = "2.0.1"
dependencies = []

[[package]]
name = "sleitnick/symbol"
version = "2.0.1"
dependencies = []

[[package]]
name = "sleitnick/table-util"
version = "1.1.5"
dependencies = []

[[package]]
name = "sleitnick/trove"
version = "0.4.2"
dependencies = []
